
Microsoft Visual Studio Solution File, Format Version 12.00
# Visual Studio Version 17
VisualStudioVersion = 17.3.32811.315
MinimumVisualStudioVersion = 10.0.40219.1
Project("{FAE04EC0-301F-11D3-BF4B-00C04F79EFBC}") = "Uppgift 2.12", "Uppgift 2.12\Uppgift 2.12.csproj", "{DA10AC2C-B007-4FF3-95FC-185A11B2C19A}"
EndProject
Global
	GlobalSection(SolutionConfigurationPlatforms) = preSolution
		Debug|Any CPU = Debug|Any CPU
		Release|Any CPU = Release|Any CPU
	EndGlobalSection
	GlobalSection(ProjectConfigurationPlatforms) = postSolution
		{DA10AC2C-B007-4FF3-95FC-185A11B2C19A}.Debug|Any CPU.ActiveCfg = Debug|Any CPU
		{DA10AC2C-B007-4FF3-95FC-185A11B2C19A}.Debug|Any CPU.Build.0 = Debug|Any CPU
		{DA10AC2C-B007-4FF3-95FC-185A11B2C19A}.Release|Any CPU.ActiveCfg = Release|Any CPU
		{DA10AC2C-B007-4FF3-95FC-185A11B2C19A}.Release|Any CPU.Build.0 = Release|Any CPU
	EndGlobalSection
	GlobalSection(SolutionProperties) = preSolution
		HideSolutionNode = FALSE
	EndGlobalSection
	GlobalSection(ExtensibilityGlobals) = postSolution
		SolutionGuid = {B804058E-9D48-41E9-A7DF-544FE1357868}
	EndGlobalSection
EndGlobal
